{
  "name": "serialize-anything",
  "version": "1.0.5",
  "lockfileVersion": 1,
  "requires": true,
  "dependencies": {
    "deep-copy-all": {
      "version": "1.2.2",
      "resolved": "https://registry.npmjs.org/deep-copy-all/-/deep-copy-all-1.2.2.tgz",
      "integrity": "sha512-CbBpJdm0oymJMIEcj2bOjJN3h8jK7ydLwaH1d2UwdYDnEjE0TmO8kqEAKMaP0+mHzsgDHTG1pvkOrJ+y4ausyw=="
    },
    "serialize-javascript": {
      "version": "2.1.2",
      "resolved": "https://registry.npmjs.org/serialize-javascript/-/serialize-javascript-2.1.2.tgz",
      "integrity": "sha512-rs9OggEUF0V4jUSecXazOYsLfu7OGK2qIn3c7IPBiffz32XniEp/TX9Xmc9LQfK2nQ2QKHvZ2oygKUGU0lG4jQ==",
      "dev": true
    },
    "serialize-to-js": {
      "version": "3.1.1",
      "resolved": "https://registry.npmjs.org/serialize-to-js/-/serialize-to-js-3.1.1.tgz",
      "integrity": "sha512-F+NGU0UHMBO4Q965tjw7rvieNVjlH6Lqi2emq/Lc9LUURYJbiCzmpi4Cy1OOjjVPtxu0c+NE85LU6968Wko5ZA==",
      "dev": true
    }
  }
}
