{
  "name": "serialize-anything",
  "version": "0.2.0",
  "lockfileVersion": 1,
  "requires": true,
  "dependencies": {
    "deep-copy-all": {
      "version": "1.2.2",
      "resolved": "https://registry.npmjs.org/deep-copy-all/-/deep-copy-all-1.2.2.tgz",
      "integrity": "sha512-CbBpJdm0oymJMIEcj2bOjJN3h8jK7ydLwaH1d2UwdYDnEjE0TmO8kqEAKMaP0+mHzsgDHTG1pvkOrJ+y4ausyw=="
    }
  }
}
