{
  "name": "serialize-all",
  "version": "0.1.0",
  "lockfileVersion": 1,
  "requires": true,
  "dependencies": {
    "deep-copy-all": {
      "version": "1.2.0",
      "resolved": "https://registry.npmjs.org/deep-copy-all/-/deep-copy-all-1.2.0.tgz",
      "integrity": "sha512-mXucPbCLKq4cpsct+sFVFac9OpqEiEUbQ9JLOtpLseTX0UGIMk6A+blcSlFTHnCV9WX1JviE4NSenuNypT6D2w=="
    }
  }
}
